
Microsoft Visual Studio Solution File, Format Version 12.00
# Visual Studio 15
VisualStudioVersion = 15.0.28307.1300
MinimumVisualStudioVersion = 10.0.40219.1
Project("{FAE04EC0-301F-11D3-BF4B-00C04F79EFBC}") = "StoreInventory", "StoreInventory\StoreInventory.csproj", "{F8BC8943-6D1E-411F-83F4-DA6AA3F1CD0F}"
EndProject
Project("{FAE04EC0-301F-11D3-BF4B-00C04F79EFBC}") = "StoreInventory.Data.Model", "StoreInventory.Data.Model\StoreInventory.Data.Model.csproj", "{F5C08074-A76B-4CCE-886A-CA1875A98308}"
EndProject
Project("{FAE04EC0-301F-11D3-BF4B-00C04F79EFBC}") = "StoreInventory.View.Model", "StoreInventory.View.Model\StoreInventory.View.Model.csproj", "{38C42FD4-2632-4608-9103-DF2582ECA9AD}"
EndProject
Project("{FAE04EC0-301F-11D3-BF4B-00C04F79EFBC}") = "StoreInventory.Services", "StoreInventory.Services\StoreInventory.Services.csproj", "{B56FE1BB-BD55-4195-A8A3-F74479262B60}"
EndProject
Project("{FAE04EC0-301F-11D3-BF4B-00C04F79EFBC}") = "StoreInventory.Tests", "StoreInventory.Tests\StoreInventory.Tests.csproj", "{97B58FBB-58C6-45A6-965D-9C631B9E6AFF}"
EndProject
Global
	GlobalSection(SolutionConfigurationPlatforms) = preSolution
		Debug|Any CPU = Debug|Any CPU
		Release|Any CPU = Release|Any CPU
	EndGlobalSection
	GlobalSection(ProjectConfigurationPlatforms) = postSolution
		{F8BC8943-6D1E-411F-83F4-DA6AA3F1CD0F}.Debug|Any CPU.ActiveCfg = Debug|Any CPU
		{F8BC8943-6D1E-411F-83F4-DA6AA3F1CD0F}.Debug|Any CPU.Build.0 = Debug|Any CPU
		{F8BC8943-6D1E-411F-83F4-DA6AA3F1CD0F}.Release|Any CPU.ActiveCfg = Release|Any CPU
		{F8BC8943-6D1E-411F-83F4-DA6AA3F1CD0F}.Release|Any CPU.Build.0 = Release|Any CPU
		{F5C08074-A76B-4CCE-886A-CA1875A98308}.Debug|Any CPU.ActiveCfg = Debug|Any CPU
		{F5C08074-A76B-4CCE-886A-CA1875A98308}.Debug|Any CPU.Build.0 = Debug|Any CPU
		{F5C08074-A76B-4CCE-886A-CA1875A98308}.Release|Any CPU.ActiveCfg = Release|Any CPU
		{F5C08074-A76B-4CCE-886A-CA1875A98308}.Release|Any CPU.Build.0 = Release|Any CPU
		{38C42FD4-2632-4608-9103-DF2582ECA9AD}.Debug|Any CPU.ActiveCfg = Debug|Any CPU
		{38C42FD4-2632-4608-9103-DF2582ECA9AD}.Debug|Any CPU.Build.0 = Debug|Any CPU
		{38C42FD4-2632-4608-9103-DF2582ECA9AD}.Release|Any CPU.ActiveCfg = Release|Any CPU
		{38C42FD4-2632-4608-9103-DF2582ECA9AD}.Release|Any CPU.Build.0 = Release|Any CPU
		{B56FE1BB-BD55-4195-A8A3-F74479262B60}.Debug|Any CPU.ActiveCfg = Debug|Any CPU
		{B56FE1BB-BD55-4195-A8A3-F74479262B60}.Debug|Any CPU.Build.0 = Debug|Any CPU
		{B56FE1BB-BD55-4195-A8A3-F74479262B60}.Release|Any CPU.ActiveCfg = Release|Any CPU
		{B56FE1BB-BD55-4195-A8A3-F74479262B60}.Release|Any CPU.Build.0 = Release|Any CPU
		{97B58FBB-58C6-45A6-965D-9C631B9E6AFF}.Debug|Any CPU.ActiveCfg = Debug|Any CPU
		{97B58FBB-58C6-45A6-965D-9C631B9E6AFF}.Debug|Any CPU.Build.0 = Debug|Any CPU
		{97B58FBB-58C6-45A6-965D-9C631B9E6AFF}.Release|Any CPU.ActiveCfg = Release|Any CPU
		{97B58FBB-58C6-45A6-965D-9C631B9E6AFF}.Release|Any CPU.Build.0 = Release|Any CPU
	EndGlobalSection
	GlobalSection(SolutionProperties) = preSolution
		HideSolutionNode = FALSE
	EndGlobalSection
	GlobalSection(ExtensibilityGlobals) = postSolution
		SolutionGuid = {6FCCE862-0F38-4A64-858F-88992CFAE101}
	EndGlobalSection
EndGlobal
