
Microsoft Visual Studio Solution File, Format Version 12.00
# Visual Studio 15
VisualStudioVersion = 15.0.28307.1300
MinimumVisualStudioVersion = 10.0.40219.1
Project("{FAE04EC0-301F-11D3-BF4B-00C04F79EFBC}") = "StoreInventory", "StoreInventory\StoreInventory.csproj", "{7C32AC21-5D96-4D34-BC5C-9015CB97DDB4}"
EndProject
Project("{FAE04EC0-301F-11D3-BF4B-00C04F79EFBC}") = "StoreInventory.Tests", "StoreInventory.Tests\StoreInventory.Tests.csproj", "{97B58FBB-58C6-45A6-965D-9C631B9E6AFF}"
EndProject
Global
	GlobalSection(SolutionConfigurationPlatforms) = preSolution
		Debug|Any CPU = Debug|Any CPU
		Release|Any CPU = Release|Any CPU
	EndGlobalSection
	GlobalSection(ProjectConfigurationPlatforms) = postSolution
		{7C32AC21-5D96-4D34-BC5C-9015CB97DDB4}.Debug|Any CPU.ActiveCfg = Debug|Any CPU
		{7C32AC21-5D96-4D34-BC5C-9015CB97DDB4}.Debug|Any CPU.Build.0 = Debug|Any CPU
		{7C32AC21-5D96-4D34-BC5C-9015CB97DDB4}.Release|Any CPU.ActiveCfg = Release|Any CPU
		{7C32AC21-5D96-4D34-BC5C-9015CB97DDB4}.Release|Any CPU.Build.0 = Release|Any CPU
		{97B58FBB-58C6-45A6-965D-9C631B9E6AFF}.Debug|Any CPU.ActiveCfg = Debug|Any CPU
		{97B58FBB-58C6-45A6-965D-9C631B9E6AFF}.Debug|Any CPU.Build.0 = Debug|Any CPU
		{97B58FBB-58C6-45A6-965D-9C631B9E6AFF}.Release|Any CPU.ActiveCfg = Release|Any CPU
		{97B58FBB-58C6-45A6-965D-9C631B9E6AFF}.Release|Any CPU.Build.0 = Release|Any CPU
	EndGlobalSection
	GlobalSection(SolutionProperties) = preSolution
		HideSolutionNode = FALSE
	EndGlobalSection
	GlobalSection(ExtensibilityGlobals) = postSolution
		SolutionGuid = {2610380A-AD2C-48F5-8C52-A7AED8DA2F28}
	EndGlobalSection
EndGlobal
